// !$*UTF8*$!
{
	archiveVersion = 1;
	classes = {
	};
	objectVersion = 46;
	objects = {

/* Begin PBXBuildFile section */
		5ABD008CD5561CB5ECB30A63 /* DFCoverView.m in Sources */ = {isa = PBXBuildFile; fileRef = 5ABD04E86861D1A6E329079D /* DFCoverView.m */; };
		5ABD00BAF8FA072B823AEF73 /* DFPost.m in Sources */ = {isa = PBXBuildFile; fileRef = 5ABD01135129DFE937DD090F /* DFPost.m */; };
		5ABD00DC0F88514453EE070E /* unbook@2x.png in Resources */ = {isa = PBXBuildFile; fileRef = 5ABD0DF14B8C27703E32862A /* unbook@2x.png */; };
		5ABD0219560A9FDA03DA43E5 /* timeline@2x.png in Resources */ = {isa = PBXBuildFile; fileRef = 5ABD0C89BAD6517297984A61 /* timeline@2x.png */; };
		5ABD02474615AD0115E8F712 /* DFFooterView.m in Sources */ = {isa = PBXBuildFile; fileRef = 5ABD054696CBBA1EB8C1D0B6 /* DFFooterView.m */; };
		5ABD0255E9584F9EEB2D7A92 /* book@2x.png in Resources */ = {isa = PBXBuildFile; fileRef = 5ABD04D7C32EBD018A98702A /* book@2x.png */; };
		5ABD02BAF1C0232D983FBB5E /* post@2x.png in Resources */ = {isa = PBXBuildFile; fileRef = 5ABD0F9DEC3587F3C4FAD89B /* post@2x.png */; };
		5ABD0312510B9F3A79D04D99 /* uparrow@2x.png in Resources */ = {isa = PBXBuildFile; fileRef = 5ABD0036492C99FCCF11F565 /* uparrow@2x.png */; };
		5ABD046E1E1F62C2195C0EC8 /* blueheart@2x.png in Resources */ = {isa = PBXBuildFile; fileRef = 5ABD08C0D5009DBBFD3CC086 /* blueheart@2x.png */; };
		5ABD04ECAFB8BCE1D5BF98E1 /* DFComposeBaseViewController.m in Sources */ = {isa = PBXBuildFile; fileRef = 5ABD08F8FD659E754EE2E01B /* DFComposeBaseViewController.m */; };
		5ABD0524A5E607F4ABDA3AB8 /* avatar_placeholder@2x.png in Resources */ = {isa = PBXBuildFile; fileRef = 5ABD01779DD45ED7895B825F /* avatar_placeholder@2x.png */; };
		5ABD055532F77CAD627C86B2 /* location@2x.png in Resources */ = {isa = PBXBuildFile; fileRef = 5ABD04407BFEB22934FC7E5B /* location@2x.png */; };
		5ABD058B0FDFF38FD7673DF9 /* UILabel+TransparentFactory.m in Sources */ = {isa = PBXBuildFile; fileRef = 5ABD0A5DAAA81DBD18A19A9F /* UILabel+TransparentFactory.m */; };
		5ABD05B6D2810735E4EA9D81 /* DFUser.m in Sources */ = {isa = PBXBuildFile; fileRef = 5ABD0F7407CCEAA83B241D0B /* DFUser.m */; };
		5ABD0614BE61CBCE260374C5 /* NSMutableArray+Sorted.m in Sources */ = {isa = PBXBuildFile; fileRef = 5ABD02FA49BA26FEF6121C1B /* NSMutableArray+Sorted.m */; };
		5ABD07126728B716C0ABB300 /* title@2x.png in Resources */ = {isa = PBXBuildFile; fileRef = 5ABD020788399EC9C2B5410E /* title@2x.png */; };
		5ABD0731481AE419FFADBA44 /* DFPostCommentViewController.m in Sources */ = {isa = PBXBuildFile; fileRef = 5ABD0C9797E5BF2F76DC6836 /* DFPostCommentViewController.m */; };
		5ABD07DD1E4E0F4DB6922D61 /* DFTimeLineCell.m in Sources */ = {isa = PBXBuildFile; fileRef = 5ABD04B0B6BC93931CEED6CD /* DFTimeLineCell.m */; };
		5ABD083EFBCA0793611AF45F /* DFPost+Book.m in Sources */ = {isa = PBXBuildFile; fileRef = 5ABD07DE7BA8C96D81F15D0F /* DFPost+Book.m */; };
		5ABD089E9C2730CEFB2354F9 /* DFCommentView.m in Sources */ = {isa = PBXBuildFile; fileRef = 5ABD05F19FFFCB2383557E59 /* DFCommentView.m */; };
		5ABD08E93A911BE86367DB82 /* DFPost+Comment.m in Sources */ = {isa = PBXBuildFile; fileRef = 5ABD0DF06085C0C9E954F38C /* DFPost+Comment.m */; };
		5ABD09126878146977336DBE /* nomore@2x.png in Resources */ = {isa = PBXBuildFile; fileRef = 5ABD035E9EA1C7D2404FDF12 /* nomore@2x.png */; };
		5ABD09895E4652BE633DDF4C /* DFRemoteImageView.m in Sources */ = {isa = PBXBuildFile; fileRef = 5ABD0A68CFE2077350411196 /* DFRemoteImageView.m */; };
		5ABD09B202FDD56A846FBA1C /* UIColor+Hex.m in Sources */ = {isa = PBXBuildFile; fileRef = 5ABD0E67AFE31FCF86C93E4A /* UIColor+Hex.m */; };
		5ABD09C6367AAFC5C2F71204 /* navigationBar@2x.png in Resources */ = {isa = PBXBuildFile; fileRef = 5ABD0D882B28307EAF462E94 /* navigationBar@2x.png */; };
		5ABD09D779A74D3455653968 /* UILabel+FitToBestSize.m in Sources */ = {isa = PBXBuildFile; fileRef = 5ABD04CBC8E237130F506273 /* UILabel+FitToBestSize.m */; };
		5ABD0A08921F303CB5CBFA2C /* comment@2x.png in Resources */ = {isa = PBXBuildFile; fileRef = 5ABD0C5E71F5DE0A3E294538 /* comment@2x.png */; };
		5ABD0A16334B122F4C1F7EB5 /* DFLoginViewController.m in Sources */ = {isa = PBXBuildFile; fileRef = 5ABD0D117A4121B385CF8A4A /* DFLoginViewController.m */; };
		5ABD0A4D236FB6F611250EFB /* DFPostViewController.m in Sources */ = {isa = PBXBuildFile; fileRef = 5ABD05E5ECBDEF1B19B83588 /* DFPostViewController.m */; };
		5ABD0AED842DEACD2A8A7452 /* DFSplashViewController.m in Sources */ = {isa = PBXBuildFile; fileRef = 5ABD08A991343EC47B1066AB /* DFSplashViewController.m */; };
		5ABD0AFCCB00836219ADE52A /* DFUserList.m in Sources */ = {isa = PBXBuildFile; fileRef = 5ABD03D0806B666016F20388 /* DFUserList.m */; };
		5ABD0B6BCC66BFE44B8F879E /* DFRoundImageButton.m in Sources */ = {isa = PBXBuildFile; fileRef = 5ABD0D38C1CA62976EDAB1AD /* DFRoundImageButton.m */; };
		5ABD0BC6C244536A4EE26FCE /* UIView+Frame.m in Sources */ = {isa = PBXBuildFile; fileRef = 5ABD007B5111418CFD24FEA1 /* UIView+Frame.m */; };
		5ABD0CF4F46377262EA89B74 /* NSDate+DateName.m in Sources */ = {isa = PBXBuildFile; fileRef = 5ABD0E3801EACFCA21A43086 /* NSDate+DateName.m */; };
		5ABD0D073B953C0DA870208D /* DFTimeLineViewController.m in Sources */ = {isa = PBXBuildFile; fileRef = 5ABD0FE9718978FAB11805A0 /* DFTimeLineViewController.m */; };
		5ABD0F1B9A434B527328B2D5 /* DFComment.m in Sources */ = {isa = PBXBuildFile; fileRef = 5ABD0DB7303EC60A61017D8B /* DFComment.m */; };
		5ABD0F355EC35DEC17CA4734 /* UIScreen+ApplicationBounds.m in Sources */ = {isa = PBXBuildFile; fileRef = 5ABD02CE9F55785E6C28A9FA /* UIScreen+ApplicationBounds.m */; };
		DA2035FF3CD349A0838396C5 /* libPods.a in Frameworks */ = {isa = PBXBuildFile; fileRef = 4901EC8B88EC476A8E2682EF /* libPods.a */; };
		F115B3A317B7CD7800E45BB0 /* BPushConfig.plist in Resources */ = {isa = PBXBuildFile; fileRef = F115B3A217B7CD7800E45BB0 /* BPushConfig.plist */; };
		F11AEE7D178068F40008082E /* UIKit.framework in Frameworks */ = {isa = PBXBuildFile; fileRef = F11AEE7C178068F40008082E /* UIKit.framework */; };
		F11AEE7F178068F40008082E /* Foundation.framework in Frameworks */ = {isa = PBXBuildFile; fileRef = F11AEE7E178068F40008082E /* Foundation.framework */; };
		F11AEE81178068F40008082E /* CoreGraphics.framework in Frameworks */ = {isa = PBXBuildFile; fileRef = F11AEE80178068F40008082E /* CoreGraphics.framework */; };
		F11AEE87178068F50008082E /* InfoPlist.strings in Resources */ = {isa = PBXBuildFile; fileRef = F11AEE85178068F50008082E /* InfoPlist.strings */; };
		F11AEE89178068F50008082E /* main.m in Sources */ = {isa = PBXBuildFile; fileRef = F11AEE88178068F50008082E /* main.m */; };
		F11AEE8D178068F50008082E /* DFAppDelegate.m in Sources */ = {isa = PBXBuildFile; fileRef = F11AEE8C178068F50008082E /* DFAppDelegate.m */; };
		F11AEE9B178068F50008082E /* SenTestingKit.framework in Frameworks */ = {isa = PBXBuildFile; fileRef = F11AEE9A178068F50008082E /* SenTestingKit.framework */; };
		F11AEE9C178068F50008082E /* UIKit.framework in Frameworks */ = {isa = PBXBuildFile; fileRef = F11AEE7C178068F40008082E /* UIKit.framework */; };
		F11AEE9D178068F50008082E /* Foundation.framework in Frameworks */ = {isa = PBXBuildFile; fileRef = F11AEE7E178068F40008082E /* Foundation.framework */; };
		F11AEEA5178068F50008082E /* InfoPlist.strings in Resources */ = {isa = PBXBuildFile; fileRef = F11AEEA3178068F50008082E /* InfoPlist.strings */; };
		F133A8F71787F56500CF7897 /* daifan@2x.png in Resources */ = {isa = PBXBuildFile; fileRef = F133A8F51787F56500CF7897 /* daifan@2x.png */; };
		F133A8F81787F56500CF7897 /* daifan-120@2x.png in Resources */ = {isa = PBXBuildFile; fileRef = F133A8F61787F56500CF7897 /* daifan-120@2x.png */; };
		F133A8FA1787F8F300CF7897 /* daifan.png in Resources */ = {isa = PBXBuildFile; fileRef = F133A8F91787F8F300CF7897 /* daifan.png */; };
		F14F813D17C4A8A30024A4E9 /* Crashlytics.framework in Frameworks */ = {isa = PBXBuildFile; fileRef = F14F813C17C4A8A30024A4E9 /* Crashlytics.framework */; };
		F163B3FA17893ADD0064F890 /* production.xcconfig in Resources */ = {isa = PBXBuildFile; fileRef = F163B3F917893ADD0064F890 /* production.xcconfig */; };
		F163B3FC17896A750064F890 /* SystemConfiguration.framework in Frameworks */ = {isa = PBXBuildFile; fileRef = F163B3FB17896A750064F890 /* SystemConfiguration.framework */; };
		F163B3FE17896A7D0064F890 /* MobileCoreServices.framework in Frameworks */ = {isa = PBXBuildFile; fileRef = F163B3FD17896A7D0064F890 /* MobileCoreServices.framework */; };
		F17B572B179A9EF900C08814 /* libBPush.a in Frameworks */ = {isa = PBXBuildFile; fileRef = F17B5729179A9EF900C08814 /* libBPush.a */; };
		F1CE43211796D04900425029 /* QuartzCore.framework in Frameworks */ = {isa = PBXBuildFile; fileRef = F1CE43201796D04900425029 /* QuartzCore.framework */; };
		F1F7AB33179289DC002D1B33 /* Default.png in Resources */ = {isa = PBXBuildFile; fileRef = F1F7AB30179289DC002D1B33 /* Default.png */; };
		F1F7AB34179289DC002D1B33 /* Default-568h@2x.png in Resources */ = {isa = PBXBuildFile; fileRef = F1F7AB31179289DC002D1B33 /* Default-568h@2x.png */; };
		F1F7AB35179289DC002D1B33 /* Default@2x.png in Resources */ = {isa = PBXBuildFile; fileRef = F1F7AB32179289DC002D1B33 /* Default@2x.png */; };
/* End PBXBuildFile section */

/* Begin PBXContainerItemProxy section */
		F11AEE9E178068F50008082E /* PBXContainerItemProxy */ = {
			isa = PBXContainerItemProxy;
			containerPortal = F11AEE71178068F40008082E /* Project object */;
			proxyType = 1;
			remoteGlobalIDString = F11AEE78178068F40008082E;
			remoteInfo = daifan;
		};
/* End PBXContainerItemProxy section */

/* Begin PBXFileReference section */
		2DFF4B995E104D65A93F501A /* Pods.xcconfig */ = {isa = PBXFileReference; includeInIndex = 1; lastKnownFileType = text.xcconfig; name = Pods.xcconfig; path = Pods/Pods.xcconfig; sourceTree = SOURCE_ROOT; };
		4901EC8B88EC476A8E2682EF /* libPods.a */ = {isa = PBXFileReference; explicitFileType = archive.ar; includeInIndex = 0; path = libPods.a; sourceTree = BUILT_PRODUCTS_DIR; };
		5ABD0036492C99FCCF11F565 /* uparrow@2x.png */ = {isa = PBXFileReference; lastKnownFileType = image.png; path = "uparrow@2x.png"; sourceTree = "<group>"; };
		5ABD007B5111418CFD24FEA1 /* UIView+Frame.m */ = {isa = PBXFileReference; fileEncoding = 4; lastKnownFileType = sourcecode.c.objc; path = "UIView+Frame.m"; sourceTree = "<group>"; };
		5ABD01135129DFE937DD090F /* DFPost.m */ = {isa = PBXFileReference; fileEncoding = 4; lastKnownFileType = sourcecode.c.objc; path = DFPost.m; sourceTree = "<group>"; };
		5ABD012A94016A1E54CB21D5 /* NSDate+DateName.h */ = {isa = PBXFileReference; fileEncoding = 4; lastKnownFileType = sourcecode.c.h; path = "NSDate+DateName.h"; sourceTree = "<group>"; };
		5ABD013C7E3EB96B6EC4438E /* DFPostCommentViewController.h */ = {isa = PBXFileReference; fileEncoding = 4; lastKnownFileType = sourcecode.c.h; path = DFPostCommentViewController.h; sourceTree = "<group>"; };
		5ABD01779DD45ED7895B825F /* avatar_placeholder@2x.png */ = {isa = PBXFileReference; lastKnownFileType = image.png; path = "avatar_placeholder@2x.png"; sourceTree = "<group>"; };
		5ABD020788399EC9C2B5410E /* title@2x.png */ = {isa = PBXFileReference; lastKnownFileType = image.png; path = "title@2x.png"; sourceTree = "<group>"; };
		5ABD0250C3057DB3E4090823 /* DFCommentView.h */ = {isa = PBXFileReference; fileEncoding = 4; lastKnownFileType = sourcecode.c.h; path = DFCommentView.h; sourceTree = "<group>"; };
		5ABD02CE9F55785E6C28A9FA /* UIScreen+ApplicationBounds.m */ = {isa = PBXFileReference; fileEncoding = 4; lastKnownFileType = sourcecode.c.objc; path = "UIScreen+ApplicationBounds.m"; sourceTree = "<group>"; };
		5ABD02FA49BA26FEF6121C1B /* NSMutableArray+Sorted.m */ = {isa = PBXFileReference; fileEncoding = 4; lastKnownFileType = sourcecode.c.objc; path = "NSMutableArray+Sorted.m"; sourceTree = "<group>"; };
		5ABD031586657564D4EC3AFB /* DFLoginViewController.h */ = {isa = PBXFileReference; fileEncoding = 4; lastKnownFileType = sourcecode.c.h; path = DFLoginViewController.h; sourceTree = "<group>"; };
		5ABD032C1BE1113F0A90F14E /* UIScreen+ApplicationBounds.h */ = {isa = PBXFileReference; fileEncoding = 4; lastKnownFileType = sourcecode.c.h; path = "UIScreen+ApplicationBounds.h"; sourceTree = "<group>"; };
		5ABD035E9EA1C7D2404FDF12 /* nomore@2x.png */ = {isa = PBXFileReference; lastKnownFileType = image.png; path = "nomore@2x.png"; sourceTree = "<group>"; };
		5ABD0389493B5EB824213721 /* DFUserList.h */ = {isa = PBXFileReference; fileEncoding = 4; lastKnownFileType = sourcecode.c.h; path = DFUserList.h; sourceTree = "<group>"; };
		5ABD03D0806B666016F20388 /* DFUserList.m */ = {isa = PBXFileReference; fileEncoding = 4; lastKnownFileType = sourcecode.c.objc; path = DFUserList.m; sourceTree = "<group>"; };
		5ABD04407BFEB22934FC7E5B /* location@2x.png */ = {isa = PBXFileReference; lastKnownFileType = image.png; path = "location@2x.png"; sourceTree = "<group>"; };
		5ABD04530482D4D49EE4D2B4 /* UIColor+Hex.h */ = {isa = PBXFileReference; fileEncoding = 4; lastKnownFileType = sourcecode.c.h; path = "UIColor+Hex.h"; sourceTree = "<group>"; };
		5ABD04B0B6BC93931CEED6CD /* DFTimeLineCell.m */ = {isa = PBXFileReference; fileEncoding = 4; lastKnownFileType = sourcecode.c.objc; path = DFTimeLineCell.m; sourceTree = "<group>"; };
		5ABD04CBC8E237130F506273 /* UILabel+FitToBestSize.m */ = {isa = PBXFileReference; fileEncoding = 4; lastKnownFileType = sourcecode.c.objc; path = "UILabel+FitToBestSize.m"; sourceTree = "<group>"; };
		5ABD04D7C32EBD018A98702A /* book@2x.png */ = {isa = PBXFileReference; lastKnownFileType = image.png; path = "book@2x.png"; sourceTree = "<group>"; };
		5ABD04E86861D1A6E329079D /* DFCoverView.m */ = {isa = PBXFileReference; fileEncoding = 4; lastKnownFileType = sourcecode.c.objc; path = DFCoverView.m; sourceTree = "<group>"; };
		5ABD0510972187BB757FA3D3 /* DFSplashViewController.h */ = {isa = PBXFileReference; fileEncoding = 4; lastKnownFileType = sourcecode.c.h; path = DFSplashViewController.h; sourceTree = "<group>"; };
		5ABD054696CBBA1EB8C1D0B6 /* DFFooterView.m */ = {isa = PBXFileReference; fileEncoding = 4; lastKnownFileType = sourcecode.c.objc; path = DFFooterView.m; sourceTree = "<group>"; };
		5ABD0577A7D0D48C63A1FE67 /* NSMutableArray+Sorted.h */ = {isa = PBXFileReference; fileEncoding = 4; lastKnownFileType = sourcecode.c.h; path = "NSMutableArray+Sorted.h"; sourceTree = "<group>"; };
		5ABD0592B66C0D6B2FCA5CEC /* DFRemoteImageView.h */ = {isa = PBXFileReference; fileEncoding = 4; lastKnownFileType = sourcecode.c.h; path = DFRemoteImageView.h; sourceTree = "<group>"; };
		5ABD05A318C54E793EDAE3D1 /* UILabel+TransparentFactory.h */ = {isa = PBXFileReference; fileEncoding = 4; lastKnownFileType = sourcecode.c.h; path = "UILabel+TransparentFactory.h"; sourceTree = "<group>"; };
		5ABD05E5ECBDEF1B19B83588 /* DFPostViewController.m */ = {isa = PBXFileReference; fileEncoding = 4; lastKnownFileType = sourcecode.c.objc; path = DFPostViewController.m; sourceTree = "<group>"; };
		5ABD05F19FFFCB2383557E59 /* DFCommentView.m */ = {isa = PBXFileReference; fileEncoding = 4; lastKnownFileType = sourcecode.c.objc; path = DFCommentView.m; sourceTree = "<group>"; };
		5ABD06C53F0FD222E61215D7 /* DFPost.h */ = {isa = PBXFileReference; fileEncoding = 4; lastKnownFileType = sourcecode.c.h; path = DFPost.h; sourceTree = "<group>"; };
		5ABD07DE7BA8C96D81F15D0F /* DFPost+Book.m */ = {isa = PBXFileReference; fileEncoding = 4; lastKnownFileType = sourcecode.c.objc; path = "DFPost+Book.m"; sourceTree = "<group>"; };
		5ABD0838FAEEDD3C559AE726 /* DFCoverView.h */ = {isa = PBXFileReference; fileEncoding = 4; lastKnownFileType = sourcecode.c.h; path = DFCoverView.h; sourceTree = "<group>"; };
		5ABD08A991343EC47B1066AB /* DFSplashViewController.m */ = {isa = PBXFileReference; fileEncoding = 4; lastKnownFileType = sourcecode.c.objc; path = DFSplashViewController.m; sourceTree = "<group>"; };
		5ABD08C0D5009DBBFD3CC086 /* blueheart@2x.png */ = {isa = PBXFileReference; lastKnownFileType = image.png; path = "blueheart@2x.png"; sourceTree = "<group>"; };
		5ABD08F8FD659E754EE2E01B /* DFComposeBaseViewController.m */ = {isa = PBXFileReference; fileEncoding = 4; lastKnownFileType = sourcecode.c.objc; path = DFComposeBaseViewController.m; sourceTree = "<group>"; };
		5ABD09040D1E0CB0F819EA7C /* DFTimeLineViewController.h */ = {isa = PBXFileReference; fileEncoding = 4; lastKnownFileType = sourcecode.c.h; path = DFTimeLineViewController.h; sourceTree = "<group>"; };
		5ABD0A5DAAA81DBD18A19A9F /* UILabel+TransparentFactory.m */ = {isa = PBXFileReference; fileEncoding = 4; lastKnownFileType = sourcecode.c.objc; path = "UILabel+TransparentFactory.m"; sourceTree = "<group>"; };
		5ABD0A68CFE2077350411196 /* DFRemoteImageView.m */ = {isa = PBXFileReference; fileEncoding = 4; lastKnownFileType = sourcecode.c.objc; path = DFRemoteImageView.m; sourceTree = "<group>"; };
		5ABD0B03429B344424310AE3 /* DFRoundImageButton.h */ = {isa = PBXFileReference; fileEncoding = 4; lastKnownFileType = sourcecode.c.h; path = DFRoundImageButton.h; sourceTree = "<group>"; };
		5ABD0B35B0657307DD8BAA12 /* DFUser.h */ = {isa = PBXFileReference; fileEncoding = 4; lastKnownFileType = sourcecode.c.h; path = DFUser.h; sourceTree = "<group>"; };
		5ABD0BE71665872E411A941D /* UILabel+FitToBestSize.h */ = {isa = PBXFileReference; fileEncoding = 4; lastKnownFileType = sourcecode.c.h; path = "UILabel+FitToBestSize.h"; sourceTree = "<group>"; };
		5ABD0C052847B0FFAFA54CE7 /* UIView+Frame.h */ = {isa = PBXFileReference; fileEncoding = 4; lastKnownFileType = sourcecode.c.h; path = "UIView+Frame.h"; sourceTree = "<group>"; };
		5ABD0C57FE084735F71999BB /* DFComposeBaseViewController.h */ = {isa = PBXFileReference; fileEncoding = 4; lastKnownFileType = sourcecode.c.h; path = DFComposeBaseViewController.h; sourceTree = "<group>"; };
		5ABD0C5E71F5DE0A3E294538 /* comment@2x.png */ = {isa = PBXFileReference; lastKnownFileType = image.png; path = "comment@2x.png"; sourceTree = "<group>"; };
		5ABD0C7AAF147BF2E151CC9D /* DFPost+Comment.h */ = {isa = PBXFileReference; fileEncoding = 4; lastKnownFileType = sourcecode.c.h; path = "DFPost+Comment.h"; sourceTree = "<group>"; };
		5ABD0C89BAD6517297984A61 /* timeline@2x.png */ = {isa = PBXFileReference; lastKnownFileType = image.png; path = "timeline@2x.png"; sourceTree = "<group>"; };
		5ABD0C9797E5BF2F76DC6836 /* DFPostCommentViewController.m */ = {isa = PBXFileReference; fileEncoding = 4; lastKnownFileType = sourcecode.c.objc; path = DFPostCommentViewController.m; sourceTree = "<group>"; };
		5ABD0D117A4121B385CF8A4A /* DFLoginViewController.m */ = {isa = PBXFileReference; fileEncoding = 4; lastKnownFileType = sourcecode.c.objc; path = DFLoginViewController.m; sourceTree = "<group>"; };
		5ABD0D18E3BD28B0481F8B0E /* DFPostViewController.h */ = {isa = PBXFileReference; fileEncoding = 4; lastKnownFileType = sourcecode.c.h; path = DFPostViewController.h; sourceTree = "<group>"; };
		5ABD0D38C1CA62976EDAB1AD /* DFRoundImageButton.m */ = {isa = PBXFileReference; fileEncoding = 4; lastKnownFileType = sourcecode.c.objc; path = DFRoundImageButton.m; sourceTree = "<group>"; };
		5ABD0D5D33AA65E07CD57D7D /* DFConstants.h */ = {isa = PBXFileReference; fileEncoding = 4; lastKnownFileType = sourcecode.c.h; path = DFConstants.h; sourceTree = "<group>"; };
		5ABD0D882B28307EAF462E94 /* navigationBar@2x.png */ = {isa = PBXFileReference; lastKnownFileType = image.png; path = "navigationBar@2x.png"; sourceTree = "<group>"; };
		5ABD0DAD1338F4F5D5517B3E /* DFComment.h */ = {isa = PBXFileReference; fileEncoding = 4; lastKnownFileType = sourcecode.c.h; path = DFComment.h; sourceTree = "<group>"; };
		5ABD0DB7303EC60A61017D8B /* DFComment.m */ = {isa = PBXFileReference; fileEncoding = 4; lastKnownFileType = sourcecode.c.objc; path = DFComment.m; sourceTree = "<group>"; };
		5ABD0DF06085C0C9E954F38C /* DFPost+Comment.m */ = {isa = PBXFileReference; fileEncoding = 4; lastKnownFileType = sourcecode.c.objc; path = "DFPost+Comment.m"; sourceTree = "<group>"; };
		5ABD0DF14B8C27703E32862A /* unbook@2x.png */ = {isa = PBXFileReference; lastKnownFileType = image.png; path = "unbook@2x.png"; sourceTree = "<group>"; };
		5ABD0E00541690BD684DA311 /* DFTimeLineCell.h */ = {isa = PBXFileReference; fileEncoding = 4; lastKnownFileType = sourcecode.c.h; path = DFTimeLineCell.h; sourceTree = "<group>"; };
		5ABD0E3801EACFCA21A43086 /* NSDate+DateName.m */ = {isa = PBXFileReference; fileEncoding = 4; lastKnownFileType = sourcecode.c.objc; path = "NSDate+DateName.m"; sourceTree = "<group>"; };
		5ABD0E67AFE31FCF86C93E4A /* UIColor+Hex.m */ = {isa = PBXFileReference; fileEncoding = 4; lastKnownFileType = sourcecode.c.objc; path = "UIColor+Hex.m"; sourceTree = "<group>"; };
		5ABD0E82821FE604DD076BBA /* DFFooterView.h */ = {isa = PBXFileReference; fileEncoding = 4; lastKnownFileType = sourcecode.c.h; path = DFFooterView.h; sourceTree = "<group>"; };
		5ABD0EE8BFA7207770FA5571 /* DFPost+Book.h */ = {isa = PBXFileReference; fileEncoding = 4; lastKnownFileType = sourcecode.c.h; path = "DFPost+Book.h"; sourceTree = "<group>"; };
		5ABD0F7407CCEAA83B241D0B /* DFUser.m */ = {isa = PBXFileReference; fileEncoding = 4; lastKnownFileType = sourcecode.c.objc; path = DFUser.m; sourceTree = "<group>"; };
		5ABD0F9DEC3587F3C4FAD89B /* post@2x.png */ = {isa = PBXFileReference; lastKnownFileType = image.png; path = "post@2x.png"; sourceTree = "<group>"; };
		5ABD0FE9718978FAB11805A0 /* DFTimeLineViewController.m */ = {isa = PBXFileReference; fileEncoding = 4; lastKnownFileType = sourcecode.c.objc; path = DFTimeLineViewController.m; sourceTree = "<group>"; };
		F115B3A217B7CD7800E45BB0 /* BPushConfig.plist */ = {isa = PBXFileReference; fileEncoding = 4; lastKnownFileType = text.plist.xml; path = BPushConfig.plist; sourceTree = "<group>"; };
		F11AEE79178068F40008082E /* daifan.app */ = {isa = PBXFileReference; explicitFileType = wrapper.application; includeInIndex = 0; path = daifan.app; sourceTree = BUILT_PRODUCTS_DIR; };
		F11AEE7C178068F40008082E /* UIKit.framework */ = {isa = PBXFileReference; lastKnownFileType = wrapper.framework; name = UIKit.framework; path = System/Library/Frameworks/UIKit.framework; sourceTree = SDKROOT; };
		F11AEE7E178068F40008082E /* Foundation.framework */ = {isa = PBXFileReference; lastKnownFileType = wrapper.framework; name = Foundation.framework; path = System/Library/Frameworks/Foundation.framework; sourceTree = SDKROOT; };
		F11AEE80178068F40008082E /* CoreGraphics.framework */ = {isa = PBXFileReference; lastKnownFileType = wrapper.framework; name = CoreGraphics.framework; path = System/Library/Frameworks/CoreGraphics.framework; sourceTree = SDKROOT; };
		F11AEE84178068F50008082E /* daifan-Info.plist */ = {isa = PBXFileReference; lastKnownFileType = text.plist.xml; path = "daifan-Info.plist"; sourceTree = "<group>"; };
		F11AEE86178068F50008082E /* en */ = {isa = PBXFileReference; lastKnownFileType = text.plist.strings; name = en; path = en.lproj/InfoPlist.strings; sourceTree = "<group>"; };
		F11AEE88178068F50008082E /* main.m */ = {isa = PBXFileReference; lastKnownFileType = sourcecode.c.objc; path = main.m; sourceTree = "<group>"; };
		F11AEE8A178068F50008082E /* daifan-Prefix.pch */ = {isa = PBXFileReference; lastKnownFileType = sourcecode.c.h; path = "daifan-Prefix.pch"; sourceTree = "<group>"; };
		F11AEE8B178068F50008082E /* DFAppDelegate.h */ = {isa = PBXFileReference; lastKnownFileType = sourcecode.c.h; path = DFAppDelegate.h; sourceTree = "<group>"; };
		F11AEE8C178068F50008082E /* DFAppDelegate.m */ = {isa = PBXFileReference; lastKnownFileType = sourcecode.c.objc; path = DFAppDelegate.m; sourceTree = "<group>"; };
		F11AEE99178068F50008082E /* daifanTests.octest */ = {isa = PBXFileReference; explicitFileType = wrapper.cfbundle; includeInIndex = 0; path = daifanTests.octest; sourceTree = BUILT_PRODUCTS_DIR; };
		F11AEE9A178068F50008082E /* SenTestingKit.framework */ = {isa = PBXFileReference; lastKnownFileType = wrapper.framework; name = SenTestingKit.framework; path = Library/Frameworks/SenTestingKit.framework; sourceTree = DEVELOPER_DIR; };
		F11AEEA2178068F50008082E /* daifanTests-Info.plist */ = {isa = PBXFileReference; lastKnownFileType = text.plist.xml; path = "daifanTests-Info.plist"; sourceTree = "<group>"; };
		F11AEEA4178068F50008082E /* en */ = {isa = PBXFileReference; lastKnownFileType = text.plist.strings; name = en; path = en.lproj/InfoPlist.strings; sourceTree = "<group>"; };
		F133A8F51787F56500CF7897 /* daifan@2x.png */ = {isa = PBXFileReference; lastKnownFileType = image.png; path = "daifan@2x.png"; sourceTree = "<group>"; };
		F133A8F61787F56500CF7897 /* daifan-120@2x.png */ = {isa = PBXFileReference; lastKnownFileType = image.png; path = "daifan-120@2x.png"; sourceTree = "<group>"; };
		F133A8F91787F8F300CF7897 /* daifan.png */ = {isa = PBXFileReference; lastKnownFileType = image.png; path = daifan.png; sourceTree = "<group>"; };
		F14F813C17C4A8A30024A4E9 /* Crashlytics.framework */ = {isa = PBXFileReference; lastKnownFileType = wrapper.framework; path = Crashlytics.framework; sourceTree = "<group>"; };
		F163B3F917893ADD0064F890 /* production.xcconfig */ = {isa = PBXFileReference; fileEncoding = 4; lastKnownFileType = text.xcconfig; path = production.xcconfig; sourceTree = "<group>"; };
		F163B3FB17896A750064F890 /* SystemConfiguration.framework */ = {isa = PBXFileReference; lastKnownFileType = wrapper.framework; name = SystemConfiguration.framework; path = System/Library/Frameworks/SystemConfiguration.framework; sourceTree = SDKROOT; };
		F163B3FD17896A7D0064F890 /* MobileCoreServices.framework */ = {isa = PBXFileReference; lastKnownFileType = wrapper.framework; name = MobileCoreServices.framework; path = System/Library/Frameworks/MobileCoreServices.framework; sourceTree = SDKROOT; };
		F17B5727179A9EF900C08814 /* BPush.h */ = {isa = PBXFileReference; fileEncoding = 4; lastKnownFileType = sourcecode.c.h; path = BPush.h; sourceTree = "<group>"; };
		F17B5729179A9EF900C08814 /* libBPush.a */ = {isa = PBXFileReference; lastKnownFileType = archive.ar; path = libBPush.a; sourceTree = "<group>"; };
		F1CE43201796D04900425029 /* QuartzCore.framework */ = {isa = PBXFileReference; lastKnownFileType = wrapper.framework; name = QuartzCore.framework; path = System/Library/Frameworks/QuartzCore.framework; sourceTree = SDKROOT; };
		F1F7AB30179289DC002D1B33 /* Default.png */ = {isa = PBXFileReference; lastKnownFileType = image.png; path = Default.png; sourceTree = "<group>"; };
		F1F7AB31179289DC002D1B33 /* Default-568h@2x.png */ = {isa = PBXFileReference; lastKnownFileType = image.png; path = "Default-568h@2x.png"; sourceTree = "<group>"; };
		F1F7AB32179289DC002D1B33 /* Default@2x.png */ = {isa = PBXFileReference; lastKnownFileType = image.png; path = "Default@2x.png"; sourceTree = "<group>"; };
/* End PBXFileReference section */

/* Begin PBXFrameworksBuildPhase section */
		F11AEE76178068F40008082E /* Frameworks */ = {
			isa = PBXFrameworksBuildPhase;
			buildActionMask = 2147483647;
			files = (
				F1CE43211796D04900425029 /* QuartzCore.framework in Frameworks */,
				F163B3FE17896A7D0064F890 /* MobileCoreServices.framework in Frameworks */,
				F163B3FC17896A750064F890 /* SystemConfiguration.framework in Frameworks */,
				F11AEE7D178068F40008082E /* UIKit.framework in Frameworks */,
				F11AEE7F178068F40008082E /* Foundation.framework in Frameworks */,
				F11AEE81178068F40008082E /* CoreGraphics.framework in Frameworks */,
				DA2035FF3CD349A0838396C5 /* libPods.a in Frameworks */,
				F17B572B179A9EF900C08814 /* libBPush.a in Frameworks */,
				F14F813D17C4A8A30024A4E9 /* Crashlytics.framework in Frameworks */,
			);
			runOnlyForDeploymentPostprocessing = 0;
		};
		F11AEE95178068F50008082E /* Frameworks */ = {
			isa = PBXFrameworksBuildPhase;
			buildActionMask = 2147483647;
			files = (
				F11AEE9B178068F50008082E /* SenTestingKit.framework in Frameworks */,
				F11AEE9C178068F50008082E /* UIKit.framework in Frameworks */,
				F11AEE9D178068F50008082E /* Foundation.framework in Frameworks */,
			);
			runOnlyForDeploymentPostprocessing = 0;
		};
/* End PBXFrameworksBuildPhase section */

/* Begin PBXGroup section */
		5ABD045871C2BEC238F36057 /* Models */ = {
			isa = PBXGroup;
			children = (
				5ABD01135129DFE937DD090F /* DFPost.m */,
				5ABD06C53F0FD222E61215D7 /* DFPost.h */,
				5ABD0F7407CCEAA83B241D0B /* DFUser.m */,
				5ABD0B35B0657307DD8BAA12 /* DFUser.h */,
				5ABD03D0806B666016F20388 /* DFUserList.m */,
				5ABD0389493B5EB824213721 /* DFUserList.h */,
				5ABD0DB7303EC60A61017D8B /* DFComment.m */,
				5ABD0DAD1338F4F5D5517B3E /* DFComment.h */,
				5ABD07DE7BA8C96D81F15D0F /* DFPost+Book.m */,
				5ABD0EE8BFA7207770FA5571 /* DFPost+Book.h */,
				5ABD0DF06085C0C9E954F38C /* DFPost+Comment.m */,
				5ABD0C7AAF147BF2E151CC9D /* DFPost+Comment.h */,
			);
			path = Models;
			sourceTree = "<group>";
		};
		5ABD0711DD19DF935690232E /* Controllers */ = {
			isa = PBXGroup;
			children = (
				5ABD08F8FD659E754EE2E01B /* DFComposeBaseViewController.m */,
				5ABD0C57FE084735F71999BB /* DFComposeBaseViewController.h */,
			);
			path = Controllers;
			sourceTree = "<group>";
		};
		5ABD07D2016FDD043B8437C8 /* Common */ = {
			isa = PBXGroup;
			children = (
				5ABD0D5D33AA65E07CD57D7D /* DFConstants.h */,
				5ABD08EB14A559863491FA72 /* Views */,
				5ABD0711DD19DF935690232E /* Controllers */,
			);
			path = Common;
			sourceTree = "<group>";
		};
		5ABD081A36FE6F5CE68FC6B9 /* Logo */ = {
			isa = PBXGroup;
			children = (
				F133A8F91787F8F300CF7897 /* daifan.png */,
				F133A8F51787F56500CF7897 /* daifan@2x.png */,
				F133A8F61787F56500CF7897 /* daifan-120@2x.png */,
			);
			path = Logo;
			sourceTree = "<group>";
		};
		5ABD08987ABDE28CFE1969D9 /* Resources */ = {
			isa = PBXGroup;
			children = (
				F1F7AB30179289DC002D1B33 /* Default.png */,
				F1F7AB31179289DC002D1B33 /* Default-568h@2x.png */,
				F1F7AB32179289DC002D1B33 /* Default@2x.png */,
				5ABD0C89BAD6517297984A61 /* timeline@2x.png */,
				5ABD081A36FE6F5CE68FC6B9 /* Logo */,
				5ABD0D882B28307EAF462E94 /* navigationBar@2x.png */,
				5ABD0BBC8EB8BAC431590D9E /* Icons */,
				5ABD0036492C99FCCF11F565 /* uparrow@2x.png */,
				5ABD04D7C32EBD018A98702A /* book@2x.png */,
				5ABD035E9EA1C7D2404FDF12 /* nomore@2x.png */,
				5ABD0DF14B8C27703E32862A /* unbook@2x.png */,
				5ABD01779DD45ED7895B825F /* avatar_placeholder@2x.png */,
				5ABD020788399EC9C2B5410E /* title@2x.png */,
			);
			path = Resources;
			sourceTree = "<group>";
		};
		5ABD08EB14A559863491FA72 /* Views */ = {
			isa = PBXGroup;
			children = (
				5ABD0592B66C0D6B2FCA5CEC /* DFRemoteImageView.h */,
				5ABD0A68CFE2077350411196 /* DFRemoteImageView.m */,
				5ABD0D38C1CA62976EDAB1AD /* DFRoundImageButton.m */,
				5ABD0B03429B344424310AE3 /* DFRoundImageButton.h */,
			);
			path = Views;
			sourceTree = "<group>";
		};
		5ABD09C326A72ED39AEF4310 /* Timeline */ = {
			isa = PBXGroup;
			children = (
				5ABD0C89CE83DFE585A39B66 /* Views */,
				5ABD0CA19D886C4508851AFB /* Controllers */,
			);
			path = Timeline;
			sourceTree = "<group>";
		};
		5ABD0BBC8EB8BAC431590D9E /* Icons */ = {
			isa = PBXGroup;
			children = (
				5ABD0F9DEC3587F3C4FAD89B /* post@2x.png */,
				5ABD0C5E71F5DE0A3E294538 /* comment@2x.png */,
				5ABD04407BFEB22934FC7E5B /* location@2x.png */,
				5ABD08C0D5009DBBFD3CC086 /* blueheart@2x.png */,
			);
			path = Icons;
			sourceTree = "<group>";
		};
		5ABD0C89CE83DFE585A39B66 /* Views */ = {
			isa = PBXGroup;
			children = (
				5ABD04E86861D1A6E329079D /* DFCoverView.m */,
				5ABD0838FAEEDD3C559AE726 /* DFCoverView.h */,
				5ABD04B0B6BC93931CEED6CD /* DFTimeLineCell.m */,
				5ABD0E00541690BD684DA311 /* DFTimeLineCell.h */,
				5ABD054696CBBA1EB8C1D0B6 /* DFFooterView.m */,
				5ABD0E82821FE604DD076BBA /* DFFooterView.h */,
				5ABD05F19FFFCB2383557E59 /* DFCommentView.m */,
				5ABD0250C3057DB3E4090823 /* DFCommentView.h */,
			);
			path = Views;
			sourceTree = "<group>";
		};
		5ABD0CA19D886C4508851AFB /* Controllers */ = {
			isa = PBXGroup;
			children = (
				5ABD013C7E3EB96B6EC4438E /* DFPostCommentViewController.h */,
				5ABD0C9797E5BF2F76DC6836 /* DFPostCommentViewController.m */,
				5ABD09040D1E0CB0F819EA7C /* DFTimeLineViewController.h */,
				5ABD0FE9718978FAB11805A0 /* DFTimeLineViewController.m */,
				5ABD05E5ECBDEF1B19B83588 /* DFPostViewController.m */,
				5ABD0D18E3BD28B0481F8B0E /* DFPostViewController.h */,
			);
			path = Controllers;
			sourceTree = "<group>";
		};
		5ABD0CC4A0FB8D250002209D /* User */ = {
			isa = PBXGroup;
			children = (
				5ABD0D117A4121B385CF8A4A /* DFLoginViewController.m */,
				5ABD031586657564D4EC3AFB /* DFLoginViewController.h */,
			);
			path = User;
			sourceTree = "<group>";
		};
		5ABD0EACE6F63FE2526542A6 /* Extensions */ = {
			isa = PBXGroup;
			children = (
				5ABD0E67AFE31FCF86C93E4A /* UIColor+Hex.m */,
				5ABD04530482D4D49EE4D2B4 /* UIColor+Hex.h */,
				5ABD02CE9F55785E6C28A9FA /* UIScreen+ApplicationBounds.m */,
				5ABD032C1BE1113F0A90F14E /* UIScreen+ApplicationBounds.h */,
				5ABD04CBC8E237130F506273 /* UILabel+FitToBestSize.m */,
				5ABD0BE71665872E411A941D /* UILabel+FitToBestSize.h */,
				5ABD007B5111418CFD24FEA1 /* UIView+Frame.m */,
				5ABD0C052847B0FFAFA54CE7 /* UIView+Frame.h */,
				5ABD0A5DAAA81DBD18A19A9F /* UILabel+TransparentFactory.m */,
				5ABD05A318C54E793EDAE3D1 /* UILabel+TransparentFactory.h */,
				5ABD0E3801EACFCA21A43086 /* NSDate+DateName.m */,
				5ABD012A94016A1E54CB21D5 /* NSDate+DateName.h */,
				5ABD02FA49BA26FEF6121C1B /* NSMutableArray+Sorted.m */,
				5ABD0577A7D0D48C63A1FE67 /* NSMutableArray+Sorted.h */,
			);
			path = Extensions;
			sourceTree = "<group>";
		};
		5ABD0FD4DAF0BE8265CBFD26 /* Startup */ = {
			isa = PBXGroup;
			children = (
				5ABD08A991343EC47B1066AB /* DFSplashViewController.m */,
				5ABD0510972187BB757FA3D3 /* DFSplashViewController.h */,
			);
			path = Startup;
			sourceTree = "<group>";
		};
		F11AEE70178068F40008082E = {
			isa = PBXGroup;
			children = (
				F17B5726179A9EF900C08814 /* BPush */,
				F1CE43201796D04900425029 /* QuartzCore.framework */,
				F11AEE82178068F40008082E /* daifan */,
				F11AEEA0178068F50008082E /* daifanTests */,
				F11AEE7B178068F40008082E /* Frameworks */,
				F11AEE7A178068F40008082E /* Products */,
				2DFF4B995E104D65A93F501A /* Pods.xcconfig */,
			);
			sourceTree = "<group>";
		};
		F11AEE7A178068F40008082E /* Products */ = {
			isa = PBXGroup;
			children = (
				F11AEE79178068F40008082E /* daifan.app */,
				F11AEE99178068F50008082E /* daifanTests.octest */,
			);
			name = Products;
			sourceTree = "<group>";
		};
		F11AEE7B178068F40008082E /* Frameworks */ = {
			isa = PBXGroup;
			children = (
				F14F813C17C4A8A30024A4E9 /* Crashlytics.framework */,
				F163B3FD17896A7D0064F890 /* MobileCoreServices.framework */,
				F163B3FB17896A750064F890 /* SystemConfiguration.framework */,
				F11AEE7C178068F40008082E /* UIKit.framework */,
				F11AEE7E178068F40008082E /* Foundation.framework */,
				F11AEE80178068F40008082E /* CoreGraphics.framework */,
				F11AEE9A178068F50008082E /* SenTestingKit.framework */,
				4901EC8B88EC476A8E2682EF /* libPods.a */,
			);
			name = Frameworks;
			sourceTree = "<group>";
		};
		F11AEE82178068F40008082E /* daifan */ = {
			isa = PBXGroup;
			children = (
				F163B3F817893AA80064F890 /* Configurations */,
				F11AEE8B178068F50008082E /* DFAppDelegate.h */,
				F11AEE8C178068F50008082E /* DFAppDelegate.m */,
				F11AEE83178068F50008082E /* Supporting Files */,
				5ABD09C326A72ED39AEF4310 /* Timeline */,
				5ABD0EACE6F63FE2526542A6 /* Extensions */,
				5ABD08987ABDE28CFE1969D9 /* Resources */,
				5ABD07D2016FDD043B8437C8 /* Common */,
				5ABD045871C2BEC238F36057 /* Models */,
				5ABD0CC4A0FB8D250002209D /* User */,
				5ABD0FD4DAF0BE8265CBFD26 /* Startup */,
			);
			path = daifan;
			sourceTree = "<group>";
		};
		F11AEE83178068F50008082E /* Supporting Files */ = {
			isa = PBXGroup;
			children = (
				F115B3A217B7CD7800E45BB0 /* BPushConfig.plist */,
				F11AEE84178068F50008082E /* daifan-Info.plist */,
				F11AEE85178068F50008082E /* InfoPlist.strings */,
				F11AEE88178068F50008082E /* main.m */,
				F11AEE8A178068F50008082E /* daifan-Prefix.pch */,
			);
			name = "Supporting Files";
			sourceTree = "<group>";
		};
		F11AEEA0178068F50008082E /* daifanTests */ = {
			isa = PBXGroup;
			children = (
				F11AEEA1178068F50008082E /* Supporting Files */,
			);
			path = daifanTests;
			sourceTree = "<group>";
		};
		F11AEEA1178068F50008082E /* Supporting Files */ = {
			isa = PBXGroup;
			children = (
				F11AEEA2178068F50008082E /* daifanTests-Info.plist */,
				F11AEEA3178068F50008082E /* InfoPlist.strings */,
			);
			name = "Supporting Files";
			sourceTree = "<group>";
		};
		F163B3F817893AA80064F890 /* Configurations */ = {
			isa = PBXGroup;
			children = (
				F163B3F917893ADD0064F890 /* production.xcconfig */,
			);
			path = Configurations;
			sourceTree = "<group>";
		};
		F17B5726179A9EF900C08814 /* BPush */ = {
			isa = PBXGroup;
			children = (
				F17B5727179A9EF900C08814 /* BPush.h */,
				F17B5729179A9EF900C08814 /* libBPush.a */,
			);
			path = BPush;
			sourceTree = "<group>";
		};
/* End PBXGroup section */

/* Begin PBXNativeTarget section */
		F11AEE78178068F40008082E /* daifan */ = {
			isa = PBXNativeTarget;
			buildConfigurationList = F11AEEAB178068F50008082E /* Build configuration list for PBXNativeTarget "daifan" */;
			buildPhases = (
				F0C2BF261599432CB2756498 /* Check Pods Manifest.lock */,
				F11AEE75178068F40008082E /* Sources */,
				F11AEE76178068F40008082E /* Frameworks */,
				F11AEE77178068F40008082E /* Resources */,
				C489A92E67B6416682D09D61 /* Copy Pods Resources */,
				F14F813B17C4A8790024A4E9 /* ShellScript */,
			);
			buildRules = (
			);
			dependencies = (
			);
			name = daifan;
			productName = daifan;
			productReference = F11AEE79178068F40008082E /* daifan.app */;
			productType = "com.apple.product-type.application";
		};
		F11AEE98178068F50008082E /* daifanTests */ = {
			isa = PBXNativeTarget;
			buildConfigurationList = F11AEEAE178068F50008082E /* Build configuration list for PBXNativeTarget "daifanTests" */;
			buildPhases = (
				F11AEE94178068F50008082E /* Sources */,
				F11AEE95178068F50008082E /* Frameworks */,
				F11AEE96178068F50008082E /* Resources */,
				F11AEE97178068F50008082E /* ShellScript */,
			);
			buildRules = (
			);
			dependencies = (
				F11AEE9F178068F50008082E /* PBXTargetDependency */,
			);
			name = daifanTests;
			productName = daifanTests;
			productReference = F11AEE99178068F50008082E /* daifanTests.octest */;
			productType = "com.apple.product-type.bundle";
		};
/* End PBXNativeTarget section */

/* Begin PBXProject section */
		F11AEE71178068F40008082E /* Project object */ = {
			isa = PBXProject;
			attributes = {
				CLASSPREFIX = DF;
				LastUpgradeCheck = 0460;
				ORGANIZATIONNAME = 51daifan;
			};
			buildConfigurationList = F11AEE74178068F40008082E /* Build configuration list for PBXProject "daifan" */;
			compatibilityVersion = "Xcode 3.2";
			developmentRegion = English;
			hasScannedForEncodings = 0;
			knownRegions = (
				en,
			);
			mainGroup = F11AEE70178068F40008082E;
			productRefGroup = F11AEE7A178068F40008082E /* Products */;
			projectDirPath = "";
			projectRoot = "";
			targets = (
				F11AEE78178068F40008082E /* daifan */,
				F11AEE98178068F50008082E /* daifanTests */,
			);
		};
/* End PBXProject section */

/* Begin PBXResourcesBuildPhase section */
		F11AEE77178068F40008082E /* Resources */ = {
			isa = PBXResourcesBuildPhase;
			buildActionMask = 2147483647;
			files = (
				F1F7AB35179289DC002D1B33 /* Default@2x.png in Resources */,
				F133A8F81787F56500CF7897 /* daifan-120@2x.png in Resources */,
				F1F7AB34179289DC002D1B33 /* Default-568h@2x.png in Resources */,
				F11AEE87178068F50008082E /* InfoPlist.strings in Resources */,
				5ABD0219560A9FDA03DA43E5 /* timeline@2x.png in Resources */,
				F163B3FA17893ADD0064F890 /* production.xcconfig in Resources */,
				F133A8F71787F56500CF7897 /* daifan@2x.png in Resources */,
				F133A8FA1787F8F300CF7897 /* daifan.png in Resources */,
				5ABD09C6367AAFC5C2F71204 /* navigationBar@2x.png in Resources */,
				F1F7AB33179289DC002D1B33 /* Default.png in Resources */,
				5ABD02BAF1C0232D983FBB5E /* post@2x.png in Resources */,
				5ABD0312510B9F3A79D04D99 /* uparrow@2x.png in Resources */,
				5ABD0255E9584F9EEB2D7A92 /* book@2x.png in Resources */,
				5ABD09126878146977336DBE /* nomore@2x.png in Resources */,
				F115B3A317B7CD7800E45BB0 /* BPushConfig.plist in Resources */,
				5ABD0A08921F303CB5CBFA2C /* comment@2x.png in Resources */,
				5ABD055532F77CAD627C86B2 /* location@2x.png in Resources */,
				5ABD046E1E1F62C2195C0EC8 /* blueheart@2x.png in Resources */,
				5ABD00DC0F88514453EE070E /* unbook@2x.png in Resources */,
				5ABD0524A5E607F4ABDA3AB8 /* avatar_placeholder@2x.png in Resources */,
				5ABD07126728B716C0ABB300 /* title@2x.png in Resources */,
			);
			runOnlyForDeploymentPostprocessing = 0;
		};
		F11AEE96178068F50008082E /* Resources */ = {
			isa = PBXResourcesBuildPhase;
			buildActionMask = 2147483647;
			files = (
				F11AEEA5178068F50008082E /* InfoPlist.strings in Resources */,
			);
			runOnlyForDeploymentPostprocessing = 0;
		};
/* End PBXResourcesBuildPhase section */

/* Begin PBXShellScriptBuildPhase section */
		C489A92E67B6416682D09D61 /* Copy Pods Resources */ = {
			isa = PBXShellScriptBuildPhase;
			buildActionMask = 2147483647;
			files = (
			);
			inputPaths = (
			);
			name = "Copy Pods Resources";
			outputPaths = (
			);
			runOnlyForDeploymentPostprocessing = 0;
			shellPath = /bin/sh;
			shellScript = "\"${SRCROOT}/Pods/Pods-resources.sh\"\n";
		};
		F0C2BF261599432CB2756498 /* Check Pods Manifest.lock */ = {
			isa = PBXShellScriptBuildPhase;
			buildActionMask = 2147483647;
			files = (
			);
			inputPaths = (
			);
			name = "Check Pods Manifest.lock";
			outputPaths = (
			);
			runOnlyForDeploymentPostprocessing = 0;
			shellPath = /bin/sh;
			shellScript = "diff \"${PODS_ROOT}/../Podfile.lock\" \"${PODS_ROOT}/Manifest.lock\" > /dev/null\nif [[ $? != 0 ]] ; then\n    cat << EOM\nerror: The sandbox is not in sync with the Podfile.lock. Run 'pod install' or update your CocoaPods installation.\nEOM\n    exit 1\nfi\n";
		};
		F11AEE97178068F50008082E /* ShellScript */ = {
			isa = PBXShellScriptBuildPhase;
			buildActionMask = 2147483647;
			files = (
			);
			inputPaths = (
			);
			outputPaths = (
			);
			runOnlyForDeploymentPostprocessing = 0;
			shellPath = /bin/sh;
			shellScript = "# Run the unit tests in this test bundle.\n\"${SYSTEM_DEVELOPER_DIR}/Tools/RunUnitTests\"\n";
		};
		F14F813B17C4A8790024A4E9 /* ShellScript */ = {
			isa = PBXShellScriptBuildPhase;
			buildActionMask = 2147483647;
			files = (
			);
			inputPaths = (
			);
			outputPaths = (
			);
			runOnlyForDeploymentPostprocessing = 0;
			shellPath = /bin/sh;
			shellScript = "./Crashlytics.framework/run 12cf69bcd58555af123af07396580d08d970eee1";
		};
/* End PBXShellScriptBuildPhase section */

/* Begin PBXSourcesBuildPhase section */
		F11AEE75178068F40008082E /* Sources */ = {
			isa = PBXSourcesBuildPhase;
			buildActionMask = 2147483647;
			files = (
				F11AEE89178068F50008082E /* main.m in Sources */,
				F11AEE8D178068F50008082E /* DFAppDelegate.m in Sources */,
				5ABD09B202FDD56A846FBA1C /* UIColor+Hex.m in Sources */,
				5ABD008CD5561CB5ECB30A63 /* DFCoverView.m in Sources */,
				5ABD07DD1E4E0F4DB6922D61 /* DFTimeLineCell.m in Sources */,
				5ABD02474615AD0115E8F712 /* DFFooterView.m in Sources */,
				5ABD00BAF8FA072B823AEF73 /* DFPost.m in Sources */,
				5ABD05B6D2810735E4EA9D81 /* DFUser.m in Sources */,
				5ABD09895E4652BE633DDF4C /* DFRemoteImageView.m in Sources */,
				5ABD0A16334B122F4C1F7EB5 /* DFLoginViewController.m in Sources */,
				5ABD0AED842DEACD2A8A7452 /* DFSplashViewController.m in Sources */,
				5ABD0B6BCC66BFE44B8F879E /* DFRoundImageButton.m in Sources */,
				5ABD0F355EC35DEC17CA4734 /* UIScreen+ApplicationBounds.m in Sources */,
				5ABD0AFCCB00836219ADE52A /* DFUserList.m in Sources */,
				5ABD0F1B9A434B527328B2D5 /* DFComment.m in Sources */,
				5ABD089E9C2730CEFB2354F9 /* DFCommentView.m in Sources */,
				5ABD09D779A74D3455653968 /* UILabel+FitToBestSize.m in Sources */,
				5ABD0BC6C244536A4EE26FCE /* UIView+Frame.m in Sources */,
				5ABD058B0FDFF38FD7673DF9 /* UILabel+TransparentFactory.m in Sources */,
				5ABD04ECAFB8BCE1D5BF98E1 /* DFComposeBaseViewController.m in Sources */,
				5ABD0731481AE419FFADBA44 /* DFPostCommentViewController.m in Sources */,
				5ABD0D073B953C0DA870208D /* DFTimeLineViewController.m in Sources */,
				5ABD0A4D236FB6F611250EFB /* DFPostViewController.m in Sources */,
				5ABD0CF4F46377262EA89B74 /* NSDate+DateName.m in Sources */,
				5ABD0614BE61CBCE260374C5 /* NSMutableArray+Sorted.m in Sources */,
				5ABD083EFBCA0793611AF45F /* DFPost+Book.m in Sources */,
				5ABD08E93A911BE86367DB82 /* DFPost+Comment.m in Sources */,
			);
			runOnlyForDeploymentPostprocessing = 0;
		};
		F11AEE94178068F50008082E /* Sources */ = {
			isa = PBXSourcesBuildPhase;
			buildActionMask = 2147483647;
			files = (
			);
			runOnlyForDeploymentPostprocessing = 0;
		};
/* End PBXSourcesBuildPhase section */

/* Begin PBXTargetDependency section */
		F11AEE9F178068F50008082E /* PBXTargetDependency */ = {
			isa = PBXTargetDependency;
			target = F11AEE78178068F40008082E /* daifan */;
			targetProxy = F11AEE9E178068F50008082E /* PBXContainerItemProxy */;
		};
/* End PBXTargetDependency section */

/* Begin PBXVariantGroup section */
		F11AEE85178068F50008082E /* InfoPlist.strings */ = {
			isa = PBXVariantGroup;
			children = (
				F11AEE86178068F50008082E /* en */,
			);
			name = InfoPlist.strings;
			sourceTree = "<group>";
		};
		F11AEEA3178068F50008082E /* InfoPlist.strings */ = {
			isa = PBXVariantGroup;
			children = (
				F11AEEA4178068F50008082E /* en */,
			);
			name = InfoPlist.strings;
			sourceTree = "<group>";
		};
/* End PBXVariantGroup section */

/* Begin XCBuildConfiguration section */
		F11AEEA9178068F50008082E /* Debug */ = {
			isa = XCBuildConfiguration;
			buildSettings = {
				ALWAYS_SEARCH_USER_PATHS = NO;
				CLANG_CXX_LANGUAGE_STANDARD = "gnu++0x";
				CLANG_CXX_LIBRARY = "libc++";
				CLANG_ENABLE_OBJC_ARC = YES;
				CLANG_WARN_CONSTANT_CONVERSION = YES;
				CLANG_WARN_EMPTY_BODY = YES;
				CLANG_WARN_ENUM_CONVERSION = YES;
				CLANG_WARN_INT_CONVERSION = YES;
				CLANG_WARN__DUPLICATE_METHOD_MATCH = YES;
				"CODE_SIGN_IDENTITY[sdk=iphoneos*]" = "iPhone Developer";
				COPY_PHASE_STRIP = NO;
				GCC_C_LANGUAGE_STANDARD = gnu99;
				GCC_DYNAMIC_NO_PIC = NO;
				GCC_OPTIMIZATION_LEVEL = 0;
				GCC_PREPROCESSOR_DEFINITIONS = (
					"DEBUG=1",
					"$(inherited)",
				);
				GCC_SYMBOLS_PRIVATE_EXTERN = NO;
				GCC_WARN_ABOUT_RETURN_TYPE = YES;
				GCC_WARN_UNINITIALIZED_AUTOS = YES;
				GCC_WARN_UNUSED_VARIABLE = YES;
				IPHONEOS_DEPLOYMENT_TARGET = 6.1;
				ONLY_ACTIVE_ARCH = YES;
				SDKROOT = iphoneos;
			};
			name = Debug;
		};
		F11AEEAA178068F50008082E /* Release */ = {
			isa = XCBuildConfiguration;
			buildSettings = {
				ALWAYS_SEARCH_USER_PATHS = NO;
				CLANG_CXX_LANGUAGE_STANDARD = "gnu++0x";
				CLANG_CXX_LIBRARY = "libc++";
				CLANG_ENABLE_OBJC_ARC = YES;
				CLANG_WARN_CONSTANT_CONVERSION = YES;
				CLANG_WARN_EMPTY_BODY = YES;
				CLANG_WARN_ENUM_CONVERSION = YES;
				CLANG_WARN_INT_CONVERSION = YES;
				CLANG_WARN__DUPLICATE_METHOD_MATCH = YES;
				"CODE_SIGN_IDENTITY[sdk=iphoneos*]" = "iPhone Developer";
				COPY_PHASE_STRIP = YES;
				GCC_C_LANGUAGE_STANDARD = gnu99;
				GCC_WARN_ABOUT_RETURN_TYPE = YES;
				GCC_WARN_UNINITIALIZED_AUTOS = YES;
				GCC_WARN_UNUSED_VARIABLE = YES;
				IPHONEOS_DEPLOYMENT_TARGET = 6.1;
				OTHER_CFLAGS = "-DNS_BLOCK_ASSERTIONS=1";
				SDKROOT = iphoneos;
				VALIDATE_PRODUCT = YES;
			};
			name = Release;
		};
		F11AEEAC178068F50008082E /* Debug */ = {
			isa = XCBuildConfiguration;
			baseConfigurationReference = 2DFF4B995E104D65A93F501A /* Pods.xcconfig */;
			buildSettings = {
				FRAMEWORK_SEARCH_PATHS = (
					"$(inherited)",
					"\"$(SRCROOT)\"",
				);
				GCC_PRECOMPILE_PREFIX_HEADER = YES;
				GCC_PREFIX_HEADER = "daifan/daifan-Prefix.pch";
				INFOPLIST_FILE = "daifan/daifan-Info.plist";
				IPHONEOS_DEPLOYMENT_TARGET = 6.0;
				LIBRARY_SEARCH_PATHS = (
					"$(inherited)",
					"\"$(SRCROOT)/BPush\"",
				);
				PRODUCT_NAME = "$(TARGET_NAME)";
				USER_HEADER_SEARCH_PATHS = "\"${PROJECT_DIR}/Pods\"/**";
				WRAPPER_EXTENSION = app;
			};
			name = Debug;
		};
		F11AEEAD178068F50008082E /* Release */ = {
			isa = XCBuildConfiguration;
			baseConfigurationReference = 2DFF4B995E104D65A93F501A /* Pods.xcconfig */;
			buildSettings = {
				FRAMEWORK_SEARCH_PATHS = (
					"$(inherited)",
					"\"$(SRCROOT)\"",
				);
				GCC_PRECOMPILE_PREFIX_HEADER = YES;
				GCC_PREFIX_HEADER = "daifan/daifan-Prefix.pch";
				INFOPLIST_FILE = "daifan/daifan-Info.plist";
				IPHONEOS_DEPLOYMENT_TARGET = 6.0;
				LIBRARY_SEARCH_PATHS = (
					"$(inherited)",
					"\"$(SRCROOT)/BPush\"",
				);
				PRODUCT_NAME = "$(TARGET_NAME)";
				USER_HEADER_SEARCH_PATHS = "\"${PROJECT_DIR}/Pods\"/**";
				WRAPPER_EXTENSION = app;
			};
			name = Release;
		};
		F11AEEAF178068F50008082E /* Debug */ = {
			isa = XCBuildConfiguration;
			buildSettings = {
				BUNDLE_LOADER = "$(BUILT_PRODUCTS_DIR)/daifan.app/daifan";
				FRAMEWORK_SEARCH_PATHS = (
					"\"$(SDKROOT)/Developer/Library/Frameworks\"",
					"\"$(DEVELOPER_LIBRARY_DIR)/Frameworks\"",
				);
				GCC_PRECOMPILE_PREFIX_HEADER = YES;
				GCC_PREFIX_HEADER = "daifan/daifan-Prefix.pch";
				INFOPLIST_FILE = "daifanTests/daifanTests-Info.plist";
				PRODUCT_NAME = "$(TARGET_NAME)";
				TEST_HOST = "$(BUNDLE_LOADER)";
				WRAPPER_EXTENSION = octest;
			};
			name = Debug;
		};
		F11AEEB0178068F50008082E /* Release */ = {
			isa = XCBuildConfiguration;
			buildSettings = {
				BUNDLE_LOADER = "$(BUILT_PRODUCTS_DIR)/daifan.app/daifan";
				FRAMEWORK_SEARCH_PATHS = (
					"\"$(SDKROOT)/Developer/Library/Frameworks\"",
					"\"$(DEVELOPER_LIBRARY_DIR)/Frameworks\"",
				);
				GCC_PRECOMPILE_PREFIX_HEADER = YES;
				GCC_PREFIX_HEADER = "daifan/daifan-Prefix.pch";
				INFOPLIST_FILE = "daifanTests/daifanTests-Info.plist";
				PRODUCT_NAME = "$(TARGET_NAME)";
				TEST_HOST = "$(BUNDLE_LOADER)";
				WRAPPER_EXTENSION = octest;
			};
			name = Release;
		};
/* End XCBuildConfiguration section */

/* Begin XCConfigurationList section */
		F11AEE74178068F40008082E /* Build configuration list for PBXProject "daifan" */ = {
			isa = XCConfigurationList;
			buildConfigurations = (
				F11AEEA9178068F50008082E /* Debug */,
				F11AEEAA178068F50008082E /* Release */,
			);
			defaultConfigurationIsVisible = 0;
			defaultConfigurationName = Release;
		};
		F11AEEAB178068F50008082E /* Build configuration list for PBXNativeTarget "daifan" */ = {
			isa = XCConfigurationList;
			buildConfigurations = (
				F11AEEAC178068F50008082E /* Debug */,
				F11AEEAD178068F50008082E /* Release */,
			);
			defaultConfigurationIsVisible = 0;
			defaultConfigurationName = Release;
		};
		F11AEEAE178068F50008082E /* Build configuration list for PBXNativeTarget "daifanTests" */ = {
			isa = XCConfigurationList;
			buildConfigurations = (
				F11AEEAF178068F50008082E /* Debug */,
				F11AEEB0178068F50008082E /* Release */,
			);
			defaultConfigurationIsVisible = 0;
			defaultConfigurationName = Release;
		};
/* End XCConfigurationList section */
	};
	rootObject = F11AEE71178068F40008082E /* Project object */;
}
